
Microsoft Visual Studio Solution File, Format Version 12.00
# Visual Studio 15
VisualStudioVersion = 15.0.28010.2003
MinimumVisualStudioVersion = 10.0.40219.1
Project("{8BC9CEB8-8B4A-11D0-8D11-00A0C91BC942}") = "SceneTester", "SceneTester.vcxproj", "{DE95BA2D-A6FB-482D-B7B5-CE04A8054AC7}"
EndProject
Global
	GlobalSection(SolutionConfigurationPlatforms) = preSolution
		Debug|x64 = Debug|x64
		Debug|x86 = Debug|x86
		Release|x64 = Release|x64
		Release|x86 = Release|x86
	EndGlobalSection
	GlobalSection(ProjectConfigurationPlatforms) = postSolution
		{DE95BA2D-A6FB-482D-B7B5-CE04A8054AC7}.Debug|x64.ActiveCfg = Debug|x64
		{DE95BA2D-A6FB-482D-B7B5-CE04A8054AC7}.Debug|x64.Build.0 = Debug|x64
		{DE95BA2D-A6FB-482D-B7B5-CE04A8054AC7}.Debug|x86.ActiveCfg = Debug|Win32
		{DE95BA2D-A6FB-482D-B7B5-CE04A8054AC7}.Debug|x86.Build.0 = Debug|Win32
		{DE95BA2D-A6FB-482D-B7B5-CE04A8054AC7}.Release|x64.ActiveCfg = Release|x64
		{DE95BA2D-A6FB-482D-B7B5-CE04A8054AC7}.Release|x64.Build.0 = Release|x64
		{DE95BA2D-A6FB-482D-B7B5-CE04A8054AC7}.Release|x86.ActiveCfg = Release|Win32
		{DE95BA2D-A6FB-482D-B7B5-CE04A8054AC7}.Release|x86.Build.0 = Release|Win32
	EndGlobalSection
	GlobalSection(SolutionProperties) = preSolution
		HideSolutionNode = FALSE
	EndGlobalSection
	GlobalSection(ExtensibilityGlobals) = postSolution
		SolutionGuid = {92CA35C8-F2A6-4882-8629-B603602E5449}
	EndGlobalSection
EndGlobal
