<?xml version="1.0" encoding="utf-8"?>
<Project ToolsVersion="4.0" xmlns="http://schemas.microsoft.com/developer/msbuild/2003">
  <ItemGroup>
    <Filter Include="Source Files">
      <UniqueIdentifier>{4FC737F1-C7A5-4376-A066-2A32D752A2FF}</UniqueIdentifier>
      <Extensions>cpp;c;cc;cxx;def;odl;idl;hpj;bat;asm;asmx</Extensions>
    </Filter>
    <Filter Include="Header Files">
      <UniqueIdentifier>{93995380-89BD-4b04-88EB-625FBE52EBFB}</UniqueIdentifier>
      <Extensions>h;hh;hpp;hxx;hm;inl;inc;ipp;xsd</Extensions>
    </Filter>
    <Filter Include="Resource Files">
      <UniqueIdentifier>{67DA6AB6-F800-4c08-8B7A-83BB121AAD01}</UniqueIdentifier>
      <Extensions>rc;ico;cur;bmp;dlg;rc2;rct;bin;rgs;gif;jpg;jpeg;jpe;resx;tiff;tif;png;wav;mfcribbon-ms</Extensions>
    </Filter>
    <Filter Include="Resource Files\tinyxml2">
      <UniqueIdentifier>{919ec768-8709-48fb-8a62-0ddc9540ed13}</UniqueIdentifier>
    </Filter>
    <Filter Include="Header Files\bvh">
      <UniqueIdentifier>{8af21f63-6ad8-40db-b817-fc2f7484ef16}</UniqueIdentifier>
    </Filter>
  </ItemGroup>
  <ItemGroup>
    <ClCompile Include="main.cpp">
      <Filter>Source Files</Filter>
    </ClCompile>
    <ClCompile Include="..\..\..\Lib\tinyxml2\tinyxml2.cpp">
      <Filter>Resource Files\tinyxml2</Filter>
    </ClCompile>
  </ItemGroup>
  <ItemGroup>
    <ClInclude Include="sceneLoader.hpp">
      <Filter>Header Files</Filter>
    </ClInclude>
    <ClInclude Include="transformComponent.hpp">
      <Filter>Header Files</Filter>
    </ClInclude>
    <ClInclude Include="..\..\..\Lib\tinyxml2\tinyxml2.h">
      <Filter>Resource Files\tinyxml2</Filter>
    </ClInclude>
    <ClInclude Include="kdtree.hpp">
      <Filter>Header Files</Filter>
    </ClInclude>
    <ClInclude Include="main.h">
      <Filter>Header Files</Filter>
    </ClInclude>
    <ClInclude Include="helper.h">
      <Filter>Header Files</Filter>
    </ClInclude>
    <ClInclude Include="bvhX.hpp">
      <Filter>Header Files</Filter>
    </ClInclude>
    <ClInclude Include="bvh\binned_sah_builder.hpp">
      <Filter>Header Files\bvh</Filter>
    </ClInclude>
    <ClInclude Include="bvh\bottom_up_algorithm.hpp">
      <Filter>Header Files\bvh</Filter>
    </ClInclude>
    <ClInclude Include="bvh\bounding_box.hpp">
      <Filter>Header Files\bvh</Filter>
    </ClInclude>
    <ClInclude Include="bvh\bvh.hpp">
      <Filter>Header Files\bvh</Filter>
    </ClInclude>
    <ClInclude Include="bvh\heuristic_primitive_splitter.hpp">
      <Filter>Header Files\bvh</Filter>
    </ClInclude>
    <ClInclude Include="bvh\hierarchy_refitter.hpp">
      <Filter>Header Files\bvh</Filter>
    </ClInclude>
    <ClInclude Include="bvh\intersectors.hpp">
      <Filter>Header Files\bvh</Filter>
    </ClInclude>
    <ClInclude Include="bvh\leaf_collapser.hpp">
      <Filter>Header Files\bvh</Filter>
    </ClInclude>
    <ClInclude Include="bvh\linear_bvh_builder.hpp">
      <Filter>Header Files\bvh</Filter>
    </ClInclude>
    <ClInclude Include="bvh\locally_ordered_clustering_builder.hpp">
      <Filter>Header Files\bvh</Filter>
    </ClInclude>
    <ClInclude Include="bvh\morton.hpp">
      <Filter>Header Files\bvh</Filter>
    </ClInclude>
    <ClInclude Include="bvh\morton_code_based_builder.hpp">
      <Filter>Header Files\bvh</Filter>
    </ClInclude>
    <ClInclude Include="bvh\node_layout_optimizer.hpp">
      <Filter>Header Files\bvh</Filter>
    </ClInclude>
    <ClInclude Include="bvh\parallel_reinsertion_optimizer.hpp">
      <Filter>Header Files\bvh</Filter>
    </ClInclude>
    <ClInclude Include="bvh\platform.hpp">
      <Filter>Header Files\bvh</Filter>
    </ClInclude>
    <ClInclude Include="bvh\prefix_sum.hpp">
      <Filter>Header Files\bvh</Filter>
    </ClInclude>
    <ClInclude Include="bvh\radix_sort.hpp">
      <Filter>Header Files\bvh</Filter>
    </ClInclude>
    <ClInclude Include="bvh\ray.hpp">
      <Filter>Header Files\bvh</Filter>
    </ClInclude>
    <ClInclude Include="bvh\sah_based_algorithm.hpp">
      <Filter>Header Files\bvh</Filter>
    </ClInclude>
    <ClInclude Include="bvh\single_ray_traverser.hpp">
      <Filter>Header Files\bvh</Filter>
    </ClInclude>
    <ClInclude Include="bvh\spatial_split_bvh_builder.hpp">
      <Filter>Header Files\bvh</Filter>
    </ClInclude>
    <ClInclude Include="bvh\sphere.hpp">
      <Filter>Header Files\bvh</Filter>
    </ClInclude>
    <ClInclude Include="bvh\sweep_sah_builder.hpp">
      <Filter>Header Files\bvh</Filter>
    </ClInclude>
    <ClInclude Include="bvh\top_down_builder.hpp">
      <Filter>Header Files\bvh</Filter>
    </ClInclude>
    <ClInclude Include="bvh\triangle.hpp">
      <Filter>Header Files\bvh</Filter>
    </ClInclude>
    <ClInclude Include="bvh\utilities.hpp">
      <Filter>Header Files\bvh</Filter>
    </ClInclude>
    <ClInclude Include="bvh\vector.hpp">
      <Filter>Header Files\bvh</Filter>
    </ClInclude>
    <ClInclude Include="xxhash.hpp">
      <Filter>Header Files</Filter>
    </ClInclude>
    <ClInclude Include="customVec3.h">
      <Filter>Header Files</Filter>
    </ClInclude>
  </ItemGroup>
  <ItemGroup>
    <Text Include="Text.txt">
      <Filter>Source Files</Filter>
    </Text>
  </ItemGroup>
</Project>