<?xml version="1.0" encoding="utf-8"?>
<Project ToolsVersion="4.0" xmlns="http://schemas.microsoft.com/developer/msbuild/2003">
  <ItemGroup>
    <Filter Include="Source Files">
      <UniqueIdentifier>{4FC737F1-C7A5-4376-A066-2A32D752A2FF}</UniqueIdentifier>
      <Extensions>cpp;c;cc;cxx;def;odl;idl;hpj;bat;asm;asmx</Extensions>
    </Filter>
    <Filter Include="Resource Files">
      <UniqueIdentifier>{67DA6AB6-F800-4c08-8B7A-83BB121AAD01}</UniqueIdentifier>
      <Extensions>rc;ico;cur;bmp;dlg;rc2;rct;bin;rgs;gif;jpg;jpeg;jpe;resx;tiff;tif;png;wav;mfcribbon-ms</Extensions>
    </Filter>
    <Filter Include="Source Files\Rendering">
      <UniqueIdentifier>{a6afb5ad-e27c-4fe5-b72f-a07018be3695}</UniqueIdentifier>
    </Filter>
    <Filter Include="Source Files\ArtemisFramework">
      <UniqueIdentifier>{3b867a11-d9ba-4e31-a854-0466805dbff3}</UniqueIdentifier>
    </Filter>
    <Filter Include="Source Files\ArtemisFramework\Artemis">
      <UniqueIdentifier>{72c6d347-a127-4efb-90ad-c96002f929f0}</UniqueIdentifier>
    </Filter>
    <Filter Include="Source Files\Rendering\Shaders">
      <UniqueIdentifier>{d6630cf4-eaa3-4210-89ef-a575d931f67e}</UniqueIdentifier>
    </Filter>
    <Filter Include="Source Files\Game">
      <UniqueIdentifier>{d3c56795-39dc-4cb2-922c-0aa26cc92e1d}</UniqueIdentifier>
    </Filter>
    <Filter Include="Source Files\tinyxml2">
      <UniqueIdentifier>{5de2b5c7-58bd-4c3a-9af9-535ec4df198e}</UniqueIdentifier>
    </Filter>
    <Filter Include="Source Files\Utility">
      <UniqueIdentifier>{3587b331-f09f-4654-8f34-039794cb2432}</UniqueIdentifier>
    </Filter>
    <Filter Include="Source Files\Physics">
      <UniqueIdentifier>{d06408fb-2950-4ff9-84ea-dec46369cec3}</UniqueIdentifier>
    </Filter>
    <Filter Include="Source Files\Components">
      <UniqueIdentifier>{7285dd09-ec61-45b4-bb6c-99e51c7e779e}</UniqueIdentifier>
    </Filter>
    <Filter Include="imgui">
      <UniqueIdentifier>{10bfad8b-c601-4f99-ba06-99b2f269c9e5}</UniqueIdentifier>
    </Filter>
    <Filter Include="Source Files\Animation">
      <UniqueIdentifier>{8ef85904-2949-4ad7-8f9d-49a3ea00c133}</UniqueIdentifier>
    </Filter>
    <Filter Include="Source Files\Audio">
      <UniqueIdentifier>{0de41b11-bdbf-4b86-a1ec-96f284cc4ee9}</UniqueIdentifier>
    </Filter>
    <Filter Include="Source Files\Rendering\Shaders\rt">
      <UniqueIdentifier>{16782e0e-9b56-4a74-a9d5-3d89422cccc6}</UniqueIdentifier>
    </Filter>
    <Filter Include="Source Files\Game\Other">
      <UniqueIdentifier>{deaf1a66-5a34-410e-b86f-cc4049f57e36}</UniqueIdentifier>
    </Filter>
    <Filter Include="Source Files\Game\Gameplay">
      <UniqueIdentifier>{f3a161ba-8204-431e-8007-1163cb3eb3e9}</UniqueIdentifier>
    </Filter>
    <Filter Include="Source Files\Game\Gameplay\Components">
      <UniqueIdentifier>{53c0569a-5aba-4b65-86c5-7fd0e318aebc}</UniqueIdentifier>
    </Filter>
    <Filter Include="Source Files\Game\Application">
      <UniqueIdentifier>{c24b61a0-1278-40e0-9162-128c58978e1c}</UniqueIdentifier>
    </Filter>
    <Filter Include="Source Files\Game\Application\Components">
      <UniqueIdentifier>{7f244813-2630-4d3b-b4d3-4e3d17477d1b}</UniqueIdentifier>
    </Filter>
  </ItemGroup>
  <ItemGroup>
    <ClCompile Include="main.cpp">
      <Filter>Source Files</Filter>
    </ClCompile>
    <ClCompile Include="Rendering\Texture.cpp">
      <Filter>Source Files\Rendering</Filter>
    </ClCompile>
    <ClCompile Include="ArtemisFrameWork\Component.cpp">
      <Filter>Source Files\ArtemisFramework</Filter>
    </ClCompile>
    <ClCompile Include="ArtemisFrameWork\ComponentType.cpp">
      <Filter>Source Files\ArtemisFramework</Filter>
    </ClCompile>
    <ClCompile Include="ArtemisFrameWork\ComponentTypeManager.cpp">
      <Filter>Source Files\ArtemisFramework</Filter>
    </ClCompile>
    <ClCompile Include="ArtemisFrameWork\DelayedEntityProcessingSystem.cpp">
      <Filter>Source Files\ArtemisFramework</Filter>
    </ClCompile>
    <ClCompile Include="ArtemisFrameWork\DelayedEntitySystem.cpp">
      <Filter>Source Files\ArtemisFramework</Filter>
    </ClCompile>
    <ClCompile Include="ArtemisFrameWork\Entity.cpp">
      <Filter>Source Files\ArtemisFramework</Filter>
    </ClCompile>
    <ClCompile Include="ArtemisFrameWork\EntityManager.cpp">
      <Filter>Source Files\ArtemisFramework</Filter>
    </ClCompile>
    <ClCompile Include="ArtemisFrameWork\EntityProcessingSystem.cpp">
      <Filter>Source Files\ArtemisFramework</Filter>
    </ClCompile>
    <ClCompile Include="ArtemisFrameWork\EntitySystem.cpp">
      <Filter>Source Files\ArtemisFramework</Filter>
    </ClCompile>
    <ClCompile Include="ArtemisFrameWork\GroupManager.cpp">
      <Filter>Source Files\ArtemisFramework</Filter>
    </ClCompile>
    <ClCompile Include="ArtemisFrameWork\SystemBitManager.cpp">
      <Filter>Source Files\ArtemisFramework</Filter>
    </ClCompile>
    <ClCompile Include="ArtemisFrameWork\SystemManager.cpp">
      <Filter>Source Files\ArtemisFramework</Filter>
    </ClCompile>
    <ClCompile Include="ArtemisFrameWork\TagManager.cpp">
      <Filter>Source Files\ArtemisFramework</Filter>
    </ClCompile>
    <ClCompile Include="ArtemisFrameWork\World.cpp">
      <Filter>Source Files\ArtemisFramework</Filter>
    </ClCompile>
    <ClCompile Include="Rendering\rendermanagers.cpp">
      <Filter>Source Files\Rendering</Filter>
    </ClCompile>
    <ClCompile Include="Rendering\renderbase.cpp">
      <Filter>Source Files\Rendering</Filter>
    </ClCompile>
    <ClCompile Include="..\Lib\tinyxml2\tinyxml2.cpp">
      <Filter>Source Files\tinyxml2</Filter>
    </ClCompile>
    <ClCompile Include="Utility\resourceManager.cpp">
      <Filter>Source Files\Utility</Filter>
    </ClCompile>
    <ClCompile Include="..\Lib\imgui\imgui.cpp">
      <Filter>imgui</Filter>
    </ClCompile>
    <ClCompile Include="..\Lib\imgui\imgui_demo.cpp">
      <Filter>imgui</Filter>
    </ClCompile>
    <ClCompile Include="..\Lib\imgui\imgui_draw.cpp">
      <Filter>imgui</Filter>
    </ClCompile>
    <ClCompile Include="Animation\animationSystem.cpp">
      <Filter>Source Files\Animation</Filter>
    </ClCompile>
    <ClCompile Include="Rendering\engineUISystem.cpp">
      <Filter>Source Files\Rendering</Filter>
    </ClCompile>
    <ClCompile Include="Rendering\renderSystem.cpp">
      <Filter>Source Files\Rendering</Filter>
    </ClCompile>
    <ClCompile Include="Audio\audioSystem.cpp">
      <Filter>Source Files\Audio</Filter>
    </ClCompile>
    <ClCompile Include="Utility\window.cpp">
      <Filter>Source Files\Utility</Filter>
    </ClCompile>
    <ClCompile Include="Utility\Input.cpp">
      <Filter>Source Files\Utility</Filter>
    </ClCompile>
    <ClCompile Include="Game\scene.cpp">
      <Filter>Source Files\Game\Other</Filter>
    </ClCompile>
    <ClCompile Include="Game\transformSystem.cpp">
      <Filter>Source Files\Game\Other</Filter>
    </ClCompile>
    <ClCompile Include="Game\Application\menuSystem.cpp">
      <Filter>Source Files\Game\Application</Filter>
    </ClCompile>
    <ClCompile Include="Game\Application\pauseSystem.cpp">
      <Filter>Source Files\Game\Application</Filter>
    </ClCompile>
    <ClCompile Include="Game\Application\applicationSystem.cpp">
      <Filter>Source Files\Game\Application</Filter>
    </ClCompile>
    <ClCompile Include="Game\Application\controllerSystem.cpp">
      <Filter>Source Files\Game\Application</Filter>
    </ClCompile>
    <ClCompile Include="Game\Gameplay\characterController.cpp">
      <Filter>Source Files\Game\Gameplay</Filter>
    </ClCompile>
    <ClCompile Include="Game\Application\titleSystem.cpp">
      <Filter>Source Files\Game\Application</Filter>
    </ClCompile>
    <ClCompile Include="Game\Application\gameSystem.cpp">
      <Filter>Source Files\Game\Application</Filter>
    </ClCompile>
    <ClCompile Include="pch.cpp">
      <Filter>Source Files</Filter>
    </ClCompile>
    <ClCompile Include="Utility\bvhSystem.cpp">
      <Filter>Source Files\Utility</Filter>
    </ClCompile>
  </ItemGroup>
  <ItemGroup>
    <None Include="Rendering\Shaders\basic.frag">
      <Filter>Source Files\Rendering\Shaders</Filter>
    </None>
    <None Include="Rendering\Shaders\basic.vert">
      <Filter>Source Files\Rendering\Shaders</Filter>
    </None>
    <None Include="ArtemisFrameWork\zzReadMe.md">
      <Filter>Source Files\ArtemisFramework</Filter>
    </None>
    <None Include="Rendering\Shaders\raytracing.comp">
      <Filter>Source Files\Rendering\Shaders</Filter>
    </None>
    <None Include="Rendering\Shaders\texture.frag">
      <Filter>Source Files\Rendering\Shaders</Filter>
    </None>
    <None Include="Rendering\Shaders\texture.vert">
      <Filter>Source Files\Rendering\Shaders</Filter>
    </None>
    <None Include="Rendering\Shaders\pbr.frag">
      <Filter>Source Files\Rendering\Shaders</Filter>
    </None>
    <None Include="..\Lib\imgui\README.md">
      <Filter>imgui</Filter>
    </None>
    <None Include="..\Lib\imgui\.travis.yml">
      <Filter>imgui</Filter>
    </None>
    <None Include="Rendering\Shaders\uioverlay.frag">
      <Filter>Source Files\Rendering\Shaders</Filter>
    </None>
    <None Include="Rendering\Shaders\uioverlay.vert">
      <Filter>Source Files\Rendering\Shaders</Filter>
    </None>
    <None Include="Rendering\Shaders\rt\structs.glsl">
      <Filter>Source Files\Rendering\Shaders\rt</Filter>
    </None>
    <None Include="Rendering\Shaders\rt\intersect_main.glsl">
      <Filter>Source Files\Rendering\Shaders\rt</Filter>
    </None>
    <None Include="Rendering\Shaders\rt\intersect_mesh.glsl">
      <Filter>Source Files\Rendering\Shaders\rt</Filter>
    </None>
    <None Include="Rendering\Shaders\rt\intersect_sphere.glsl">
      <Filter>Source Files\Rendering\Shaders\rt</Filter>
    </None>
    <None Include="Rendering\Shaders\rt\intersect_box.glsl">
      <Filter>Source Files\Rendering\Shaders\rt</Filter>
    </None>
    <None Include="Rendering\Shaders\rt\intersect_bvh.glsl">
      <Filter>Source Files\Rendering\Shaders\rt</Filter>
    </None>
    <None Include="Rendering\Shaders\rt\intersect_cylinder.glsl">
      <Filter>Source Files\Rendering\Shaders\rt</Filter>
    </None>
    <None Include="Rendering\Shaders\rt\intersect_disk.glsl">
      <Filter>Source Files\Rendering\Shaders\rt</Filter>
    </None>
    <None Include="Rendering\Shaders\rt\intersect_plane.glsl">
      <Filter>Source Files\Rendering\Shaders\rt</Filter>
    </None>
    <None Include="Rendering\Shaders\rt\layouts.glsl">
      <Filter>Source Files\Rendering\Shaders\rt</Filter>
    </None>
  </ItemGroup>
  <ItemGroup>
    <ClInclude Include="Rendering\Texture.h">
      <Filter>Source Files\Rendering</Filter>
    </ClInclude>
    <ClInclude Include="ArtemisFrameWork\Artemis\Artemis.h">
      <Filter>Source Files\ArtemisFramework\Artemis</Filter>
    </ClInclude>
    <ClInclude Include="ArtemisFrameWork\Artemis\BitSize.h">
      <Filter>Source Files\ArtemisFramework\Artemis</Filter>
    </ClInclude>
    <ClInclude Include="ArtemisFrameWork\Artemis\Component.h">
      <Filter>Source Files\ArtemisFramework\Artemis</Filter>
    </ClInclude>
    <ClInclude Include="ArtemisFrameWork\Artemis\ComponentMapper.h">
      <Filter>Source Files\ArtemisFramework\Artemis</Filter>
    </ClInclude>
    <ClInclude Include="ArtemisFrameWork\Artemis\ComponentType.h">
      <Filter>Source Files\ArtemisFramework\Artemis</Filter>
    </ClInclude>
    <ClInclude Include="ArtemisFrameWork\Artemis\ComponentTypeManager.h">
      <Filter>Source Files\ArtemisFramework\Artemis</Filter>
    </ClInclude>
    <ClInclude Include="ArtemisFrameWork\Artemis\DelayedEntityProcessingSystem.h">
      <Filter>Source Files\ArtemisFramework\Artemis</Filter>
    </ClInclude>
    <ClInclude Include="ArtemisFrameWork\Artemis\DelayedEntitySystem.h">
      <Filter>Source Files\ArtemisFramework\Artemis</Filter>
    </ClInclude>
    <ClInclude Include="ArtemisFrameWork\Artemis\Entity.h">
      <Filter>Source Files\ArtemisFramework\Artemis</Filter>
    </ClInclude>
    <ClInclude Include="ArtemisFrameWork\Artemis\EntityManager.h">
      <Filter>Source Files\ArtemisFramework\Artemis</Filter>
    </ClInclude>
    <ClInclude Include="ArtemisFrameWork\Artemis\EntityProcessingSystem.h">
      <Filter>Source Files\ArtemisFramework\Artemis</Filter>
    </ClInclude>
    <ClInclude Include="ArtemisFrameWork\Artemis\EntitySystem.h">
      <Filter>Source Files\ArtemisFramework\Artemis</Filter>
    </ClInclude>
    <ClInclude Include="ArtemisFrameWork\Artemis\GroupManager.h">
      <Filter>Source Files\ArtemisFramework\Artemis</Filter>
    </ClInclude>
    <ClInclude Include="ArtemisFrameWork\Artemis\ImmutableBag.h">
      <Filter>Source Files\ArtemisFramework\Artemis</Filter>
    </ClInclude>
    <ClInclude Include="ArtemisFrameWork\Artemis\SystemBitManager.h">
      <Filter>Source Files\ArtemisFramework\Artemis</Filter>
    </ClInclude>
    <ClInclude Include="ArtemisFrameWork\Artemis\SystemManager.h">
      <Filter>Source Files\ArtemisFramework\Artemis</Filter>
    </ClInclude>
    <ClInclude Include="ArtemisFrameWork\Artemis\TagManager.h">
      <Filter>Source Files\ArtemisFramework\Artemis</Filter>
    </ClInclude>
    <ClInclude Include="ArtemisFrameWork\Artemis\TypeInfoComparator.h">
      <Filter>Source Files\ArtemisFramework\Artemis</Filter>
    </ClInclude>
    <ClInclude Include="ArtemisFrameWork\Artemis\World.h">
      <Filter>Source Files\ArtemisFramework\Artemis</Filter>
    </ClInclude>
    <ClInclude Include="Rendering\vulkanbase.h">
      <Filter>Source Files\Rendering</Filter>
    </ClInclude>
    <ClInclude Include="Rendering\rendermanagers.h">
      <Filter>Source Files\Rendering</Filter>
    </ClInclude>
    <ClInclude Include="Rendering\model.h">
      <Filter>Source Files\Rendering</Filter>
    </ClInclude>
    <ClInclude Include="Rendering\VulkanInitializers.hpp">
      <Filter>Source Files\Rendering</Filter>
    </ClInclude>
    <ClInclude Include="Rendering\renderbase.h">
      <Filter>Source Files\Rendering</Filter>
    </ClInclude>
    <ClInclude Include="..\Lib\tinyxml2\tinyxml2.h">
      <Filter>Source Files\tinyxml2</Filter>
    </ClInclude>
    <ClInclude Include="Utility\octree.hpp">
      <Filter>Source Files\Utility</Filter>
    </ClInclude>
    <ClInclude Include="Utility\quadtree.hpp">
      <Filter>Source Files\Utility</Filter>
    </ClInclude>
    <ClInclude Include="Utility\resourceManager.h">
      <Filter>Source Files\Utility</Filter>
    </ClInclude>
    <ClInclude Include="Rendering\shaderStructures.hpp">
      <Filter>Source Files\Rendering</Filter>
    </ClInclude>
    <ClInclude Include="Utility\nodeComponent.hpp">
      <Filter>Source Files\Components</Filter>
    </ClInclude>
    <ClInclude Include="Physics\collisionComponents.hpp">
      <Filter>Source Files\Components</Filter>
    </ClInclude>
    <ClInclude Include="Utility\componentIncludes.h">
      <Filter>Source Files\Utility</Filter>
    </ClInclude>
    <ClInclude Include="Rendering\light.hpp">
      <Filter>Source Files\Rendering</Filter>
    </ClInclude>
    <ClInclude Include="Rendering\constantbuffer.hpp">
      <Filter>Source Files\Rendering</Filter>
    </ClInclude>
    <ClInclude Include="Rendering\renderSystem.h">
      <Filter>Source Files\Rendering</Filter>
    </ClInclude>
    <ClInclude Include="Utility\key.h">
      <Filter>Source Files\Utility</Filter>
    </ClInclude>
    <ClInclude Include="Utility\mouse.h">
      <Filter>Source Files\Utility</Filter>
    </ClInclude>
    <ClInclude Include="Rendering\VulkanBuffer.hpp">
      <Filter>Source Files\Rendering</Filter>
    </ClInclude>
    <ClInclude Include="..\Lib\imgui\imconfig.h">
      <Filter>imgui</Filter>
    </ClInclude>
    <ClInclude Include="..\Lib\imgui\imgui.h">
      <Filter>imgui</Filter>
    </ClInclude>
    <ClInclude Include="..\Lib\imgui\imgui_internal.h">
      <Filter>imgui</Filter>
    </ClInclude>
    <ClInclude Include="..\Lib\imgui\stb_rect_pack.h">
      <Filter>imgui</Filter>
    </ClInclude>
    <ClInclude Include="..\Lib\imgui\stb_textedit.h">
      <Filter>imgui</Filter>
    </ClInclude>
    <ClInclude Include="..\Lib\imgui\stb_truetype.h">
      <Filter>imgui</Filter>
    </ClInclude>
    <ClInclude Include="Rendering\engineUISystem.h">
      <Filter>Source Files\Rendering</Filter>
    </ClInclude>
    <ClInclude Include="Rendering\lightComponent.hpp">
      <Filter>Source Files\Components</Filter>
    </ClInclude>
    <ClInclude Include="Rendering\cameraComponent.hpp">
      <Filter>Source Files\Components</Filter>
    </ClInclude>
    <ClInclude Include="Rendering\materialComponent.hpp">
      <Filter>Source Files\Components</Filter>
    </ClInclude>
    <ClInclude Include="Utility\resourceStructs.h">
      <Filter>Source Files\Utility</Filter>
    </ClInclude>
    <ClInclude Include="Animation\animationComponent.hpp">
      <Filter>Source Files\Animation</Filter>
    </ClInclude>
    <ClInclude Include="Animation\animationSystem.h">
      <Filter>Source Files\Animation</Filter>
    </ClInclude>
    <ClInclude Include="Audio\audioSystem.h">
      <Filter>Source Files\Audio</Filter>
    </ClInclude>
    <ClInclude Include="Utility\helpers.h">
      <Filter>Source Files\Utility</Filter>
    </ClInclude>
    <ClInclude Include="Utility\Input.h">
      <Filter>Source Files\Utility</Filter>
    </ClInclude>
    <ClInclude Include="Utility\window.h">
      <Filter>Source Files\Utility</Filter>
    </ClInclude>
    <ClInclude Include="Game\camera.hpp">
      <Filter>Source Files\Game\Other</Filter>
    </ClInclude>
    <ClInclude Include="Game\primitive.hpp">
      <Filter>Source Files\Game\Other</Filter>
    </ClInclude>
    <ClInclude Include="Game\scene.h">
      <Filter>Source Files\Game\Other</Filter>
    </ClInclude>
    <ClInclude Include="Game\transformSystem.h">
      <Filter>Source Files\Game\Other</Filter>
    </ClInclude>
    <ClInclude Include="Game\transformComponent.hpp">
      <Filter>Source Files\Components</Filter>
    </ClInclude>
    <ClInclude Include="Game\Application\menuSystem.h">
      <Filter>Source Files\Game\Application</Filter>
    </ClInclude>
    <ClInclude Include="Game\Application\pauseSystem.h">
      <Filter>Source Files\Game\Application</Filter>
    </ClInclude>
    <ClInclude Include="Game\Application\titleSystem.h">
      <Filter>Source Files\Game\Application</Filter>
    </ClInclude>
    <ClInclude Include="Game\Application\applicationSystem.h">
      <Filter>Source Files\Game\Application</Filter>
    </ClInclude>
    <ClInclude Include="Game\Application\applicationComponents.h">
      <Filter>Source Files\Game\Application\Components</Filter>
    </ClInclude>
    <ClInclude Include="Rendering\renderComponents.hpp">
      <Filter>Source Files\Components</Filter>
    </ClInclude>
    <ClInclude Include="Game\Gameplay\characterController.h">
      <Filter>Source Files\Game\Gameplay</Filter>
    </ClInclude>
    <ClInclude Include="Game\Application\controllerComponent.hpp">
      <Filter>Source Files\Game\Application\Components</Filter>
    </ClInclude>
    <ClInclude Include="Game\Application\gameSystem.h">
      <Filter>Source Files\Game\Application</Filter>
    </ClInclude>
    <ClInclude Include="pch.h">
      <Filter>Source Files</Filter>
    </ClInclude>
    <ClInclude Include="Game\Application\controllerSystem.h">
      <Filter>Source Files\Game\Application</Filter>
    </ClInclude>
    <ClInclude Include="Audio\audioComponents.h">
      <Filter>Source Files\Audio</Filter>
    </ClInclude>
    <ClInclude Include="Utility\bvhSystem.h">
      <Filter>Source Files\Utility</Filter>
    </ClInclude>
    <ClInclude Include="Utility\kdtree.hpp">
      <Filter>Source Files\Utility</Filter>
    </ClInclude>
    <ClInclude Include="Utility\bvhComponent.hpp">
      <Filter>Source Files\Utility</Filter>
    </ClInclude>
  </ItemGroup>
  <ItemGroup>
    <Text Include="TODO.h">
      <Filter>Source Files</Filter>
    </Text>
    <Text Include="..\Lib\imgui\LICENSE.txt">
      <Filter>imgui</Filter>
    </Text>
    <Text Include="..\Lib\imgui\TODO.txt">
      <Filter>imgui</Filter>
    </Text>
    <Text Include="..\Lib\imgui\CHANGELOG.txt">
      <Filter>imgui</Filter>
    </Text>
  </ItemGroup>
  <ItemGroup>
    <Xml Include="..\Assets\Levels\Pong\Arena.xml">
      <Filter>Resource Files</Filter>
    </Xml>
  </ItemGroup>
</Project>